// !$*UTF8*$!
{
	archiveVersion = 1;
	classes = {
	};
	objectVersion = 77;
	objects = {

/* Begin PBXBuildFile section */
		3DA4822ABBDC8F788FF37B64 /* Pods_Afillio.framework in Frameworks */ = {isa = PBXBuildFile; fileRef = 81201256C9F458549BEC142F /* Pods_Afillio.framework */; };
/* End PBXBuildFile section */

/* Begin PBXContainerItemProxy section */
		1412BEA12DD04A2B00BD75A4 /* PBXContainerItemProxy */ = {
			isa = PBXContainerItemProxy;
			containerPortal = 1412BE8A2DD04A2800BD75A4 /* Project object */;
			proxyType = 1;
			remoteGlobalIDString = 1412BE912DD04A2800BD75A4;
			remoteInfo = Afillio;
		};
		1412BEAB2DD04A2B00BD75A4 /* PBXContainerItemProxy */ = {
			isa = PBXContainerItemProxy;
			containerPortal = 1412BE8A2DD04A2800BD75A4 /* Project object */;
			proxyType = 1;
			remoteGlobalIDString = 1412BE912DD04A2800BD75A4;
			remoteInfo = Afillio;
		};
/* End PBXContainerItemProxy section */

/* Begin PBXFileReference section */
		1412BE922DD04A2800BD75A4 /* Afillio.app */ = {isa = PBXFileReference; explicitFileType = wrapper.application; includeInIndex = 0; path = Afillio.app; sourceTree = BUILT_PRODUCTS_DIR; };
		1412BEA02DD04A2B00BD75A4 /* AfillioTests.xctest */ = {isa = PBXFileReference; explicitFileType = wrapper.cfbundle; includeInIndex = 0; path = AfillioTests.xctest; sourceTree = BUILT_PRODUCTS_DIR; };
		1412BEAA2DD04A2B00BD75A4 /* AfillioUITests.xctest */ = {isa = PBXFileReference; explicitFileType = wrapper.cfbundle; includeInIndex = 0; path = AfillioUITests.xctest; sourceTree = BUILT_PRODUCTS_DIR; };
		66DCF045192CE10332506F4B /* Pods-Afillio.release.xcconfig */ = {isa = PBXFileReference; includeInIndex = 1; lastKnownFileType = text.xcconfig; name = "Pods-Afillio.release.xcconfig"; path = "Target Support Files/Pods-Afillio/Pods-Afillio.release.xcconfig"; sourceTree = "<group>"; };
		81201256C9F458549BEC142F /* Pods_Afillio.framework */ = {isa = PBXFileReference; explicitFileType = wrapper.framework; includeInIndex = 0; path = Pods_Afillio.framework; sourceTree = BUILT_PRODUCTS_DIR; };
		ACC9B21438078E6D93F27D3F /* Pods-Afillio.debug.xcconfig */ = {isa = PBXFileReference; includeInIndex = 1; lastKnownFileType = text.xcconfig; name = "Pods-Afillio.debug.xcconfig"; path = "Target Support Files/Pods-Afillio/Pods-Afillio.debug.xcconfig"; sourceTree = "<group>"; };
/* End PBXFileReference section */

/* Begin PBXFileSystemSynchronizedRootGroup section */
		1412BE942DD04A2800BD75A4 /* Afillio */ = {
			isa = PBXFileSystemSynchronizedRootGroup;
			path = Afillio;
			sourceTree = "<group>";
		};
		1412BEA32DD04A2B00BD75A4 /* AfillioTests */ = {
			isa = PBXFileSystemSynchronizedRootGroup;
			path = AfillioTests;
			sourceTree = "<group>";
		};
		1412BEAD2DD04A2B00BD75A4 /* AfillioUITests */ = {
			isa = PBXFileSystemSynchronizedRootGroup;
			path = AfillioUITests;
			sourceTree = "<group>";
		};
/* End PBXFileSystemSynchronizedRootGroup section */

/* Begin PBXFrameworksBuildPhase section */
		1412BE8F2DD04A2800BD75A4 /* Frameworks */ = {
			isa = PBXFrameworksBuildPhase;
			buildActionMask = 2147483647;
			files = (
				3DA4822ABBDC8F788FF37B64 /* Pods_Afillio.framework in Frameworks */,
			);
			runOnlyForDeploymentPostprocessing = 0;
		};
		1412BE9D2DD04A2B00BD75A4 /* Frameworks */ = {
			isa = PBXFrameworksBuildPhase;
			buildActionMask = 2147483647;
			files = (
			);
			runOnlyForDeploymentPostprocessing = 0;
		};
		1412BEA72DD04A2B00BD75A4 /* Frameworks */ = {
			isa = PBXFrameworksBuildPhase;
			buildActionMask = 2147483647;
			files = (
			);
			runOnlyForDeploymentPostprocessing = 0;
		};
/* End PBXFrameworksBuildPhase section */

/* Begin PBXGroup section */
		1412BE892DD04A2800BD75A4 = {
			isa = PBXGroup;
			children = (
				1412BE942DD04A2800BD75A4 /* Afillio */,
				1412BEA32DD04A2B00BD75A4 /* AfillioTests */,
				1412BEAD2DD04A2B00BD75A4 /* AfillioUITests */,
				1412BE932DD04A2800BD75A4 /* Products */,
				ECC4426AFFCC694B340742B9 /* Pods */,
				FF9D895DD96166B5B4F26150 /* Frameworks */,
			);
			sourceTree = "<group>";
		};
		1412BE932DD04A2800BD75A4 /* Products */ = {
			isa = PBXGroup;
			children = (
				1412BE922DD04A2800BD75A4 /* Afillio.app */,
				1412BEA02DD04A2B00BD75A4 /* AfillioTests.xctest */,
				1412BEAA2DD04A2B00BD75A4 /* AfillioUITests.xctest */,
			);
			name = Products;
			sourceTree = "<group>";
		};
		ECC4426AFFCC694B340742B9 /* Pods */ = {
			isa = PBXGroup;
			children = (
				ACC9B21438078E6D93F27D3F /* Pods-Afillio.debug.xcconfig */,
				66DCF045192CE10332506F4B /* Pods-Afillio.release.xcconfig */,
			);
			path = Pods;
			sourceTree = "<group>";
		};
		FF9D895DD96166B5B4F26150 /* Frameworks */ = {
			isa = PBXGroup;
			children = (
				81201256C9F458549BEC142F /* Pods_Afillio.framework */,
			);
			name = Frameworks;
			sourceTree = "<group>";
		};
/* End PBXGroup section */

/* Begin PBXNativeTarget section */
		1412BE912DD04A2800BD75A4 /* Afillio */ = {
			isa = PBXNativeTarget;
			buildConfigurationList = 1412BEB42DD04A2B00BD75A4 /* Build configuration list for PBXNativeTarget "Afillio" */;
			buildPhases = (
				AF831084B4BA129D25F0E1D8 /* [CP] Check Pods Manifest.lock */,
				1412BE8E2DD04A2800BD75A4 /* Sources */,
				1412BE8F2DD04A2800BD75A4 /* Frameworks */,
				1412BE902DD04A2800BD75A4 /* Resources */,
				3EC0868D631C290457CBB84D /* [CP] Embed Pods Frameworks */,
			);
			buildRules = (
			);
			dependencies = (
			);
			fileSystemSynchronizedGroups = (
				1412BE942DD04A2800BD75A4 /* Afillio */,
			);
			name = Afillio;
			productName = Afillio;
			productReference = 1412BE922DD04A2800BD75A4 /* Afillio.app */;
			productType = "com.apple.product-type.application";
		};
		1412BE9F2DD04A2B00BD75A4 /* AfillioTests */ = {
			isa = PBXNativeTarget;
			buildConfigurationList = 1412BEB72DD04A2B00BD75A4 /* Build configuration list for PBXNativeTarget "AfillioTests" */;
			buildPhases = (
				1412BE9C2DD04A2B00BD75A4 /* Sources */,
				1412BE9D2DD04A2B00BD75A4 /* Frameworks */,
				1412BE9E2DD04A2B00BD75A4 /* Resources */,
			);
			buildRules = (
			);
			dependencies = (
				1412BEA22DD04A2B00BD75A4 /* PBXTargetDependency */,
			);
			fileSystemSynchronizedGroups = (
				1412BEA32DD04A2B00BD75A4 /* AfillioTests */,
			);
			name = AfillioTests;
			productName = AfillioTests;
			productReference = 1412BEA02DD04A2B00BD75A4 /* AfillioTests.xctest */;
			productType = "com.apple.product-type.bundle.unit-test";
		};
		1412BEA92DD04A2B00BD75A4 /* AfillioUITests */ = {
			isa = PBXNativeTarget;
			buildConfigurationList = 1412BEBA2DD04A2B00BD75A4 /* Build configuration list for PBXNativeTarget "AfillioUITests" */;
			buildPhases = (
				1412BEA62DD04A2B00BD75A4 /* Sources */,
				1412BEA72DD04A2B00BD75A4 /* Frameworks */,
				1412BEA82DD04A2B00BD75A4 /* Resources */,
			);
			buildRules = (
			);
			dependencies = (
				1412BEAC2DD04A2B00BD75A4 /* PBXTargetDependency */,
			);
			fileSystemSynchronizedGroups = (
				1412BEAD2DD04A2B00BD75A4 /* AfillioUITests */,
			);
			name = AfillioUITests;
			productName = AfillioUITests;
			productReference = 1412BEAA2DD04A2B00BD75A4 /* AfillioUITests.xctest */;
			productType = "com.apple.product-type.bundle.ui-testing";
		};
/* End PBXNativeTarget section */

/* Begin PBXProject section */
		1412BE8A2DD04A2800BD75A4 /* Project object */ = {
			isa = PBXProject;
			attributes = {
				BuildIndependentTargetsInParallel = 1;
				LastSwiftUpdateCheck = 1630;
				LastUpgradeCheck = 1630;
				TargetAttributes = {
					1412BE912DD04A2800BD75A4 = {
						CreatedOnToolsVersion = 16.3;
					};
					1412BE9F2DD04A2B00BD75A4 = {
						CreatedOnToolsVersion = 16.3;
						TestTargetID = 1412BE912DD04A2800BD75A4;
					};
					1412BEA92DD04A2B00BD75A4 = {
						CreatedOnToolsVersion = 16.3;
						TestTargetID = 1412BE912DD04A2800BD75A4;
					};
				};
			};
			buildConfigurationList = 1412BE8D2DD04A2800BD75A4 /* Build configuration list for PBXProject "Afillio" */;
			developmentRegion = en;
			hasScannedForEncodings = 0;
			knownRegions = (
				en,
				Base,
			);
			mainGroup = 1412BE892DD04A2800BD75A4;
			minimizedProjectReferenceProxies = 1;
			preferredProjectObjectVersion = 77;
			productRefGroup = 1412BE932DD04A2800BD75A4 /* Products */;
			projectDirPath = "";
			projectRoot = "";
			targets = (
				1412BE912DD04A2800BD75A4 /* Afillio */,
				1412BE9F2DD04A2B00BD75A4 /* AfillioTests */,
				1412BEA92DD04A2B00BD75A4 /* AfillioUITests */,
			);
		};
/* End PBXProject section */

/* Begin PBXResourcesBuildPhase section */
		1412BE902DD04A2800BD75A4 /* Resources */ = {
			isa = PBXResourcesBuildPhase;
			buildActionMask = 2147483647;
			files = (
			);
			runOnlyForDeploymentPostprocessing = 0;
		};
		1412BE9E2DD04A2B00BD75A4 /* Resources */ = {
			isa = PBXResourcesBuildPhase;
			buildActionMask = 2147483647;
			files = (
			);
			runOnlyForDeploymentPostprocessing = 0;
		};
		1412BEA82DD04A2B00BD75A4 /* Resources */ = {
			isa = PBXResourcesBuildPhase;
			buildActionMask = 2147483647;
			files = (
			);
			runOnlyForDeploymentPostprocessing = 0;
		};
/* End PBXResourcesBuildPhase section */

/* Begin PBXShellScriptBuildPhase section */
		3EC0868D631C290457CBB84D /* [CP] Embed Pods Frameworks */ = {
			isa = PBXShellScriptBuildPhase;
			buildActionMask = 2147483647;
			files = (
			);
			inputFileListPaths = (
				"${PODS_ROOT}/Target Support Files/Pods-Afillio/Pods-Afillio-frameworks-${CONFIGURATION}-input-files.xcfilelist",
			);
			inputPaths = (
			);
			name = "[CP] Embed Pods Frameworks";
			outputFileListPaths = (
				"${PODS_ROOT}/Target Support Files/Pods-Afillio/Pods-Afillio-frameworks-${CONFIGURATION}-output-files.xcfilelist",
			);
			outputPaths = (
			);
			runOnlyForDeploymentPostprocessing = 0;
			shellPath = /bin/sh;
			shellScript = "\"${PODS_ROOT}/Target Support Files/Pods-Afillio/Pods-Afillio-frameworks.sh\"\n";
			showEnvVarsInLog = 0;
		};
		AF831084B4BA129D25F0E1D8 /* [CP] Check Pods Manifest.lock */ = {
			isa = PBXShellScriptBuildPhase;
			buildActionMask = 2147483647;
			files = (
			);
			inputFileListPaths = (
			);
			inputPaths = (
				"${PODS_PODFILE_DIR_PATH}/Podfile.lock",
				"${PODS_ROOT}/Manifest.lock",
			);
			name = "[CP] Check Pods Manifest.lock";
			outputFileListPaths = (
			);
			outputPaths = (
				"$(DERIVED_FILE_DIR)/Pods-Afillio-checkManifestLockResult.txt",
			);
			runOnlyForDeploymentPostprocessing = 0;
			shellPath = /bin/sh;
			shellScript = "diff \"${PODS_PODFILE_DIR_PATH}/Podfile.lock\" \"${PODS_ROOT}/Manifest.lock\" > /dev/null\nif [ $? != 0 ] ; then\n    # print error to STDERR\n    echo \"error: The sandbox is not in sync with the Podfile.lock. Run 'pod install' or update your CocoaPods installation.\" >&2\n    exit 1\nfi\n# This output is used by Xcode 'outputs' to avoid re-running this script phase.\necho \"SUCCESS\" > \"${SCRIPT_OUTPUT_FILE_0}\"\n";
			showEnvVarsInLog = 0;
		};
/* End PBXShellScriptBuildPhase section */

/* Begin PBXSourcesBuildPhase section */
		1412BE8E2DD04A2800BD75A4 /* Sources */ = {
			isa = PBXSourcesBuildPhase;
			buildActionMask = 2147483647;
			files = (
			);
			runOnlyForDeploymentPostprocessing = 0;
		};
		1412BE9C2DD04A2B00BD75A4 /* Sources */ = {
			isa = PBXSourcesBuildPhase;
			buildActionMask = 2147483647;
			files = (
			);
			runOnlyForDeploymentPostprocessing = 0;
		};
		1412BEA62DD04A2B00BD75A4 /* Sources */ = {
			isa = PBXSourcesBuildPhase;
			buildActionMask = 2147483647;
			files = (
			);
			runOnlyForDeploymentPostprocessing = 0;
		};
/* End PBXSourcesBuildPhase section */

/* Begin PBXTargetDependency section */
		1412BEA22DD04A2B00BD75A4 /* PBXTargetDependency */ = {
			isa = PBXTargetDependency;
			target = 1412BE912DD04A2800BD75A4 /* Afillio */;
			targetProxy = 1412BEA12DD04A2B00BD75A4 /* PBXContainerItemProxy */;
		};
		1412BEAC2DD04A2B00BD75A4 /* PBXTargetDependency */ = {
			isa = PBXTargetDependency;
			target = 1412BE912DD04A2800BD75A4 /* Afillio */;
			targetProxy = 1412BEAB2DD04A2B00BD75A4 /* PBXContainerItemProxy */;
		};
/* End PBXTargetDependency section */

/* Begin XCBuildConfiguration section */
		1412BEB22DD04A2B00BD75A4 /* Debug */ = {
			isa = XCBuildConfiguration;
			buildSettings = {
				ALWAYS_SEARCH_USER_PATHS = NO;
				ASSETCATALOG_COMPILER_GENERATE_SWIFT_ASSET_SYMBOL_EXTENSIONS = YES;
				CLANG_ANALYZER_NONNULL = YES;
				CLANG_ANALYZER_NUMBER_OBJECT_CONVERSION = YES_AGGRESSIVE;
				CLANG_CXX_LANGUAGE_STANDARD = "gnu++20";
				CLANG_ENABLE_MODULES = YES;
				CLANG_ENABLE_OBJC_ARC = YES;
				CLANG_ENABLE_OBJC_WEAK = YES;
				CLANG_WARN_BLOCK_CAPTURE_AUTORELEASING = YES;
				CLANG_WARN_BOOL_CONVERSION = YES;
				CLANG_WARN_COMMA = YES;
				CLANG_WARN_CONSTANT_CONVERSION = YES;
				CLANG_WARN_DEPRECATED_OBJC_IMPLEMENTATIONS = YES;
				CLANG_WARN_DIRECT_OBJC_ISA_USAGE = YES_ERROR;
				CLANG_WARN_DOCUMENTATION_COMMENTS = YES;
				CLANG_WARN_EMPTY_BODY = YES;
				CLANG_WARN_ENUM_CONVERSION = YES;
				CLANG_WARN_INFINITE_RECURSION = YES;
				CLANG_WARN_INT_CONVERSION = YES;
				CLANG_WARN_NON_LITERAL_NULL_CONVERSION = YES;
				CLANG_WARN_OBJC_IMPLICIT_RETAIN_SELF = YES;
				CLANG_WARN_OBJC_LITERAL_CONVERSION = YES;
				CLANG_WARN_OBJC_ROOT_CLASS = YES_ERROR;
				CLANG_WARN_QUOTED_INCLUDE_IN_FRAMEWORK_HEADER = YES;
				CLANG_WARN_RANGE_LOOP_ANALYSIS = YES;
				CLANG_WARN_STRICT_PROTOTYPES = YES;
				CLANG_WARN_SUSPICIOUS_MOVE = YES;
				CLANG_WARN_UNGUARDED_AVAILABILITY = YES_AGGRESSIVE;
				CLANG_WARN_UNREACHABLE_CODE = YES;
				CLANG_WARN__DUPLICATE_METHOD_MATCH = YES;
				COPY_PHASE_STRIP = NO;
				DEBUG_INFORMATION_FORMAT = dwarf;
				DEVELOPMENT_TEAM = UYGWSKMSBM;
				ENABLE_STRICT_OBJC_MSGSEND = YES;
				ENABLE_TESTABILITY = YES;
				ENABLE_USER_SCRIPT_SANDBOXING = YES;
				GCC_C_LANGUAGE_STANDARD = gnu17;
				GCC_DYNAMIC_NO_PIC = NO;
				GCC_NO_COMMON_BLOCKS = YES;
				GCC_OPTIMIZATION_LEVEL = 0;
				GCC_PREPROCESSOR_DEFINITIONS = (
					"DEBUG=1",
					"$(inherited)",
				);
				GCC_WARN_64_TO_32_BIT_CONVERSION = YES;
				GCC_WARN_ABOUT_RETURN_TYPE = YES_ERROR;
				GCC_WARN_UNDECLARED_SELECTOR = YES;
				GCC_WARN_UNINITIALIZED_AUTOS = YES_AGGRESSIVE;
				GCC_WARN_UNUSED_FUNCTION = YES;
				GCC_WARN_UNUSED_VARIABLE = YES;
				LOCALIZATION_PREFERS_STRING_CATALOGS = YES;
				MTL_ENABLE_DEBUG_INFO = INCLUDE_SOURCE;
				MTL_FAST_MATH = YES;
				ONLY_ACTIVE_ARCH = YES;
				SWIFT_ACTIVE_COMPILATION_CONDITIONS = "DEBUG $(inherited)";
				SWIFT_OPTIMIZATION_LEVEL = "-Onone";
			};
			name = Debug;
		};
		1412BEB32DD04A2B00BD75A4 /* Release */ = {
			isa = XCBuildConfiguration;
			buildSettings = {
				ALWAYS_SEARCH_USER_PATHS = NO;
				ASSETCATALOG_COMPILER_GENERATE_SWIFT_ASSET_SYMBOL_EXTENSIONS = YES;
				CLANG_ANALYZER_NONNULL = YES;
				CLANG_ANALYZER_NUMBER_OBJECT_CONVERSION = YES_AGGRESSIVE;
				CLANG_CXX_LANGUAGE_STANDARD = "gnu++20";
				CLANG_ENABLE_MODULES = YES;
				CLANG_ENABLE_OBJC_ARC = YES;
				CLANG_ENABLE_OBJC_WEAK = YES;
				CLANG_WARN_BLOCK_CAPTURE_AUTORELEASING = YES;
				CLANG_WARN_BOOL_CONVERSION = YES;
				CLANG_WARN_COMMA = YES;
				CLANG_WARN_CONSTANT_CONVERSION = YES;
				CLANG_WARN_DEPRECATED_OBJC_IMPLEMENTATIONS = YES;
				CLANG_WARN_DIRECT_OBJC_ISA_USAGE = YES_ERROR;
				CLANG_WARN_DOCUMENTATION_COMMENTS = YES;
				CLANG_WARN_EMPTY_BODY = YES;
				CLANG_WARN_ENUM_CONVERSION = YES;
				CLANG_WARN_INFINITE_RECURSION = YES;
				CLANG_WARN_INT_CONVERSION = YES;
				CLANG_WARN_NON_LITERAL_NULL_CONVERSION = YES;
				CLANG_WARN_OBJC_IMPLICIT_RETAIN_SELF = YES;
				CLANG_WARN_OBJC_LITERAL_CONVERSION = YES;
				CLANG_WARN_OBJC_ROOT_CLASS = YES_ERROR;
				CLANG_WARN_QUOTED_INCLUDE_IN_FRAMEWORK_HEADER = YES;
				CLANG_WARN_RANGE_LOOP_ANALYSIS = YES;
				CLANG_WARN_STRICT_PROTOTYPES = YES;
				CLANG_WARN_SUSPICIOUS_MOVE = YES;
				CLANG_WARN_UNGUARDED_AVAILABILITY = YES_AGGRESSIVE;
				CLANG_WARN_UNREACHABLE_CODE = YES;
				CLANG_WARN__DUPLICATE_METHOD_MATCH = YES;
				COPY_PHASE_STRIP = NO;
				DEBUG_INFORMATION_FORMAT = "dwarf-with-dsym";
				DEVELOPMENT_TEAM = UYGWSKMSBM;
				ENABLE_NS_ASSERTIONS = NO;
				ENABLE_STRICT_OBJC_MSGSEND = YES;
				ENABLE_USER_SCRIPT_SANDBOXING = YES;
				GCC_C_LANGUAGE_STANDARD = gnu17;
				GCC_NO_COMMON_BLOCKS = YES;
				GCC_WARN_64_TO_32_BIT_CONVERSION = YES;
				GCC_WARN_ABOUT_RETURN_TYPE = YES_ERROR;
				GCC_WARN_UNDECLARED_SELECTOR = YES;
				GCC_WARN_UNINITIALIZED_AUTOS = YES_AGGRESSIVE;
				GCC_WARN_UNUSED_FUNCTION = YES;
				GCC_WARN_UNUSED_VARIABLE = YES;
				LOCALIZATION_PREFERS_STRING_CATALOGS = YES;
				MTL_ENABLE_DEBUG_INFO = NO;
				MTL_FAST_MATH = YES;
				SWIFT_COMPILATION_MODE = wholemodule;
			};
			name = Release;
		};
		1412BEB52DD04A2B00BD75A4 /* Debug */ = {
			isa = XCBuildConfiguration;
			baseConfigurationReference = ACC9B21438078E6D93F27D3F /* Pods-Afillio.debug.xcconfig */;
			buildSettings = {
				ASSETCATALOG_COMPILER_APPICON_NAME = AppIcon;
				ASSETCATALOG_COMPILER_GLOBAL_ACCENT_COLOR_NAME = AccentColor;
				CODE_SIGN_ENTITLEMENTS = Afillio/Afillio.entitlements;
				CODE_SIGN_STYLE = Automatic;
				CURRENT_PROJECT_VERSION = 1;
				DEVELOPMENT_TEAM = UYGWSKMSBM;
				ENABLE_HARDENED_RUNTIME = YES;
				ENABLE_PREVIEWS = YES;
				ENABLE_USER_SCRIPT_SANDBOXING = NO;
				GENERATE_INFOPLIST_FILE = YES;
				"INFOPLIST_KEY_UIApplicationSceneManifest_Generation[sdk=iphoneos*]" = YES;
				"INFOPLIST_KEY_UIApplicationSceneManifest_Generation[sdk=iphonesimulator*]" = YES;
				"INFOPLIST_KEY_UIApplicationSupportsIndirectInputEvents[sdk=iphoneos*]" = YES;
				"INFOPLIST_KEY_UIApplicationSupportsIndirectInputEvents[sdk=iphonesimulator*]" = YES;
				"INFOPLIST_KEY_UILaunchScreen_Generation[sdk=iphoneos*]" = YES;
				"INFOPLIST_KEY_UILaunchScreen_Generation[sdk=iphonesimulator*]" = YES;
				"INFOPLIST_KEY_UIStatusBarStyle[sdk=iphoneos*]" = UIStatusBarStyleDefault;
				"INFOPLIST_KEY_UIStatusBarStyle[sdk=iphonesimulator*]" = UIStatusBarStyleDefault;
				INFOPLIST_KEY_UISupportedInterfaceOrientations_iPad = "UIInterfaceOrientationPortrait UIInterfaceOrientationPortraitUpsideDown UIInterfaceOrientationLandscapeLeft UIInterfaceOrientationLandscapeRight";
				INFOPLIST_KEY_UISupportedInterfaceOrientations_iPhone = "UIInterfaceOrientationPortrait UIInterfaceOrientationLandscapeLeft UIInterfaceOrientationLandscapeRight";
				IPHONEOS_DEPLOYMENT_TARGET = 18.4;
				LD_RUNPATH_SEARCH_PATHS = "@executable_path/Frameworks";
				"LD_RUNPATH_SEARCH_PATHS[sdk=macosx*]" = "@executable_path/../Frameworks";
				MACOSX_DEPLOYMENT_TARGET = 15.4;
				MARKETING_VERSION = 1.0;
				PRODUCT_BUNDLE_IDENTIFIER = SepehrFazeli.Afillio;
				PRODUCT_NAME = "$(TARGET_NAME)";
				REGISTER_APP_GROUPS = YES;
				SDKROOT = auto;
				SUPPORTED_PLATFORMS = "iphoneos iphonesimulator macosx xros xrsimulator";
				SWIFT_EMIT_LOC_STRINGS = YES;
				SWIFT_VERSION = 5.0;
				TARGETED_DEVICE_FAMILY = "1,2,7";
				XROS_DEPLOYMENT_TARGET = 2.4;
			};
			name = Debug;
		};
		1412BEB62DD04A2B00BD75A4 /* Release */ = {
			isa = XCBuildConfiguration;
			baseConfigurationReference = 66DCF045192CE10332506F4B /* Pods-Afillio.release.xcconfig */;
			buildSettings = {
				ASSETCATALOG_COMPILER_APPICON_NAME = AppIcon;
				ASSETCATALOG_COMPILER_GLOBAL_ACCENT_COLOR_NAME = AccentColor;
				CODE_SIGN_ENTITLEMENTS = Afillio/Afillio.entitlements;
				CODE_SIGN_STYLE = Automatic;
				CURRENT_PROJECT_VERSION = 1;
				DEVELOPMENT_TEAM = UYGWSKMSBM;
				ENABLE_HARDENED_RUNTIME = YES;
				ENABLE_PREVIEWS = YES;
				ENABLE_USER_SCRIPT_SANDBOXING = NO;
				GENERATE_INFOPLIST_FILE = YES;
				"INFOPLIST_KEY_UIApplicationSceneManifest_Generation[sdk=iphoneos*]" = YES;
				"INFOPLIST_KEY_UIApplicationSceneManifest_Generation[sdk=iphonesimulator*]" = YES;
				"INFOPLIST_KEY_UIApplicationSupportsIndirectInputEvents[sdk=iphoneos*]" = YES;
				"INFOPLIST_KEY_UIApplicationSupportsIndirectInputEvents[sdk=iphonesimulator*]" = YES;
				"INFOPLIST_KEY_UILaunchScreen_Generation[sdk=iphoneos*]" = YES;
				"INFOPLIST_KEY_UILaunchScreen_Generation[sdk=iphonesimulator*]" = YES;
				"INFOPLIST_KEY_UIStatusBarStyle[sdk=iphoneos*]" = UIStatusBarStyleDefault;
				"INFOPLIST_KEY_UIStatusBarStyle[sdk=iphonesimulator*]" = UIStatusBarStyleDefault;
				INFOPLIST_KEY_UISupportedInterfaceOrientations_iPad = "UIInterfaceOrientationPortrait UIInterfaceOrientationPortraitUpsideDown UIInterfaceOrientationLandscapeLeft UIInterfaceOrientationLandscapeRight";
				INFOPLIST_KEY_UISupportedInterfaceOrientations_iPhone = "UIInterfaceOrientationPortrait UIInterfaceOrientationLandscapeLeft UIInterfaceOrientationLandscapeRight";
				IPHONEOS_DEPLOYMENT_TARGET = 18.4;
				LD_RUNPATH_SEARCH_PATHS = "@executable_path/Frameworks";
				"LD_RUNPATH_SEARCH_PATHS[sdk=macosx*]" = "@executable_path/../Frameworks";
				MACOSX_DEPLOYMENT_TARGET = 15.4;
				MARKETING_VERSION = 1.0;
				PRODUCT_BUNDLE_IDENTIFIER = SepehrFazeli.Afillio;
				PRODUCT_NAME = "$(TARGET_NAME)";
				REGISTER_APP_GROUPS = YES;
				SDKROOT = auto;
				SUPPORTED_PLATFORMS = "iphoneos iphonesimulator macosx xros xrsimulator";
				SWIFT_EMIT_LOC_STRINGS = YES;
				SWIFT_VERSION = 5.0;
				TARGETED_DEVICE_FAMILY = "1,2,7";
				XROS_DEPLOYMENT_TARGET = 2.4;
			};
			name = Release;
		};
		1412BEB82DD04A2B00BD75A4 /* Debug */ = {
			isa = XCBuildConfiguration;
			buildSettings = {
				BUNDLE_LOADER = "$(TEST_HOST)";
				CODE_SIGN_STYLE = Automatic;
				CURRENT_PROJECT_VERSION = 1;
				DEVELOPMENT_TEAM = UYGWSKMSBM;
				GENERATE_INFOPLIST_FILE = YES;
				IPHONEOS_DEPLOYMENT_TARGET = 18.4;
				MACOSX_DEPLOYMENT_TARGET = 15.4;
				MARKETING_VERSION = 1.0;
				PRODUCT_BUNDLE_IDENTIFIER = SepehrFazeli.AfillioTests;
				PRODUCT_NAME = "$(TARGET_NAME)";
				SDKROOT = auto;
				SUPPORTED_PLATFORMS = "iphoneos iphonesimulator macosx xros xrsimulator";
				SWIFT_EMIT_LOC_STRINGS = NO;
				SWIFT_VERSION = 5.0;
				TARGETED_DEVICE_FAMILY = "1,2,7";
				TEST_HOST = "$(BUILT_PRODUCTS_DIR)/Afillio.app/$(BUNDLE_EXECUTABLE_FOLDER_PATH)/Afillio";
				XROS_DEPLOYMENT_TARGET = 2.4;
			};
			name = Debug;
		};
		1412BEB92DD04A2B00BD75A4 /* Release */ = {
			isa = XCBuildConfiguration;
			buildSettings = {
				BUNDLE_LOADER = "$(TEST_HOST)";
				CODE_SIGN_STYLE = Automatic;
				CURRENT_PROJECT_VERSION = 1;
				DEVELOPMENT_TEAM = UYGWSKMSBM;
				GENERATE_INFOPLIST_FILE = YES;
				IPHONEOS_DEPLOYMENT_TARGET = 18.4;
				MACOSX_DEPLOYMENT_TARGET = 15.4;
				MARKETING_VERSION = 1.0;
				PRODUCT_BUNDLE_IDENTIFIER = SepehrFazeli.AfillioTests;
				PRODUCT_NAME = "$(TARGET_NAME)";
				SDKROOT = auto;
				SUPPORTED_PLATFORMS = "iphoneos iphonesimulator macosx xros xrsimulator";
				SWIFT_EMIT_LOC_STRINGS = NO;
				SWIFT_VERSION = 5.0;
				TARGETED_DEVICE_FAMILY = "1,2,7";
				TEST_HOST = "$(BUILT_PRODUCTS_DIR)/Afillio.app/$(BUNDLE_EXECUTABLE_FOLDER_PATH)/Afillio";
				XROS_DEPLOYMENT_TARGET = 2.4;
			};
			name = Release;
		};
		1412BEBB2DD04A2B00BD75A4 /* Debug */ = {
			isa = XCBuildConfiguration;
			buildSettings = {
				CODE_SIGN_STYLE = Automatic;
				CURRENT_PROJECT_VERSION = 1;
				DEVELOPMENT_TEAM = UYGWSKMSBM;
				GENERATE_INFOPLIST_FILE = YES;
				IPHONEOS_DEPLOYMENT_TARGET = 18.4;
				MACOSX_DEPLOYMENT_TARGET = 15.4;
				MARKETING_VERSION = 1.0;
				PRODUCT_BUNDLE_IDENTIFIER = SepehrFazeli.AfillioUITests;
				PRODUCT_NAME = "$(TARGET_NAME)";
				SDKROOT = auto;
				SUPPORTED_PLATFORMS = "iphoneos iphonesimulator macosx xros xrsimulator";
				SWIFT_EMIT_LOC_STRINGS = NO;
				SWIFT_VERSION = 5.0;
				TARGETED_DEVICE_FAMILY = "1,2,7";
				TEST_TARGET_NAME = Afillio;
				XROS_DEPLOYMENT_TARGET = 2.4;
			};
			name = Debug;
		};
		1412BEBC2DD04A2B00BD75A4 /* Release */ = {
			isa = XCBuildConfiguration;
			buildSettings = {
				CODE_SIGN_STYLE = Automatic;
				CURRENT_PROJECT_VERSION = 1;
				DEVELOPMENT_TEAM = UYGWSKMSBM;
				GENERATE_INFOPLIST_FILE = YES;
				IPHONEOS_DEPLOYMENT_TARGET = 18.4;
				MACOSX_DEPLOYMENT_TARGET = 15.4;
				MARKETING_VERSION = 1.0;
				PRODUCT_BUNDLE_IDENTIFIER = SepehrFazeli.AfillioUITests;
				PRODUCT_NAME = "$(TARGET_NAME)";
				SDKROOT = auto;
				SUPPORTED_PLATFORMS = "iphoneos iphonesimulator macosx xros xrsimulator";
				SWIFT_EMIT_LOC_STRINGS = NO;
				SWIFT_VERSION = 5.0;
				TARGETED_DEVICE_FAMILY = "1,2,7";
				TEST_TARGET_NAME = Afillio;
				XROS_DEPLOYMENT_TARGET = 2.4;
			};
			name = Release;
		};
/* End XCBuildConfiguration section */

/* Begin XCConfigurationList section */
		1412BE8D2DD04A2800BD75A4 /* Build configuration list for PBXProject "Afillio" */ = {
			isa = XCConfigurationList;
			buildConfigurations = (
				1412BEB22DD04A2B00BD75A4 /* Debug */,
				1412BEB32DD04A2B00BD75A4 /* Release */,
			);
			defaultConfigurationIsVisible = 0;
			defaultConfigurationName = Release;
		};
		1412BEB42DD04A2B00BD75A4 /* Build configuration list for PBXNativeTarget "Afillio" */ = {
			isa = XCConfigurationList;
			buildConfigurations = (
				1412BEB52DD04A2B00BD75A4 /* Debug */,
				1412BEB62DD04A2B00BD75A4 /* Release */,
			);
			defaultConfigurationIsVisible = 0;
			defaultConfigurationName = Release;
		};
		1412BEB72DD04A2B00BD75A4 /* Build configuration list for PBXNativeTarget "AfillioTests" */ = {
			isa = XCConfigurationList;
			buildConfigurations = (
				1412BEB82DD04A2B00BD75A4 /* Debug */,
				1412BEB92DD04A2B00BD75A4 /* Release */,
			);
			defaultConfigurationIsVisible = 0;
			defaultConfigurationName = Release;
		};
		1412BEBA2DD04A2B00BD75A4 /* Build configuration list for PBXNativeTarget "AfillioUITests" */ = {
			isa = XCConfigurationList;
			buildConfigurations = (
				1412BEBB2DD04A2B00BD75A4 /* Debug */,
				1412BEBC2DD04A2B00BD75A4 /* Release */,
			);
			defaultConfigurationIsVisible = 0;
			defaultConfigurationName = Release;
		};
/* End XCConfigurationList section */
	};
	rootObject = 1412BE8A2DD04A2800BD75A4 /* Project object */;
}
